
Microsoft Visual Studio Solution File, Format Version 12.00
# Visual Studio 14
VisualStudioVersion = 14.0.25420.1
MinimumVisualStudioVersion = 10.0.40219.1
Project("{FAE04EC0-301F-11D3-BF4B-00C04F79EFBC}") = "Typing Test", "Typing Test\Typing Test.csproj", "{590E20CA-3781-4057-83F7-A6806A1E299F}"
EndProject
Project("{2150E333-8FDC-42A3-9474-1A3956D46DE8}") = "Solution Items", "Solution Items", "{96E1F89E-D4B2-487F-9E44-72F48528B8D3}"
EndProject
Global
	GlobalSection(SolutionConfigurationPlatforms) = preSolution
		Debug|Any CPU = Debug|Any CPU
		Release|Any CPU = Release|Any CPU
	EndGlobalSection
	GlobalSection(ProjectConfigurationPlatforms) = postSolution
		{590E20CA-3781-4057-83F7-A6806A1E299F}.Debug|Any CPU.ActiveCfg = Debug|Any CPU
		{590E20CA-3781-4057-83F7-A6806A1E299F}.Debug|Any CPU.Build.0 = Debug|Any CPU
		{590E20CA-3781-4057-83F7-A6806A1E299F}.Release|Any CPU.ActiveCfg = Release|Any CPU
		{590E20CA-3781-4057-83F7-A6806A1E299F}.Release|Any CPU.Build.0 = Release|Any CPU
	EndGlobalSection
	GlobalSection(SolutionProperties) = preSolution
		HideSolutionNode = FALSE
	EndGlobalSection
	GlobalSection(NestedProjects) = preSolution
		{590E20CA-3781-4057-83F7-A6806A1E299F} = {96E1F89E-D4B2-487F-9E44-72F48528B8D3}
	EndGlobalSection
EndGlobal
